{
    "_meta": {
        "hash": {
            "sha256": "dc83128022e1be826edff24b971bd4cb4d993bc8695898e081f188c8ffb8a548"
        },
        "pipfile-spec": 6,
        "requires": {},
        "sources": [
            {
                "name": "pypi",
                "url": "https://pypi.org/simple",
                "verify_ssl": true
            }
        ]
    },
    "default": {
        "asgiref": {
            "hashes": [
                "sha256:7e06d934a7718bf3975acbf87780ba678957b87c7adc056f13b6215d610695a0",
                "sha256:ea448f92fc35a0ef4b1508f53a04c4670255a3f33d22a81c8fc9c872036adbe5"
            ],
            "version": "==3.2.3"
        },
        "babel": {
            "hashes": [
                "sha256:1aac2ae2d0d8ea368fa90906567f5c08463d98ade155c0c4bfedd6a0f7160e38",
                "sha256:d670ea0b10f8b723672d3a6abeb87b565b244da220d76b4dba1b66269ec152d4"
            ],
            "version": "==2.8.0"
        },
        "certifi": {
            "hashes": [
                "sha256:017c25db2a153ce562900032d5bc68e9f191e44e9a0f762f373977de9df1fbb3",
                "sha256:25b64c7da4cd7479594d035c08c2d809eb4aab3a26e5a990ea98cc450c320f1f"
            ],
            "version": "==2019.11.28"
        },
        "chardet": {
            "hashes": [
                "sha256:84ab92ed1c4d4f16916e05906b6b75a6c0fb5db821cc65e70cbd64a3e2a5eaae",
                "sha256:fc323ffcaeaed0e0a02bf4d117757b98aed530d9ed4531e3e15460124c106691"
            ],
            "version": "==3.0.4"
        },
        "defusedxml": {
            "hashes": [
                "sha256:6687150770438374ab581bb7a1b327a847dd9c5749e396102de3fad4e8a3ef93",
                "sha256:f684034d135af4c6cbb949b8a4d2ed61634515257a67299e5f940fbaa34377f5"
            ],
            "version": "==0.6.0"
        },
        "django": {
            "hashes": [
                "sha256:4f2c913303be4f874015993420bf0bd8fd2097a9c88e6b49c6a92f9bdd3fb13a",
                "sha256:8c3575f81e11390893860d97e1e0154c47512f180ea55bd84ce8fa69ba8051ca"
            ],
            "index": "pypi",
            "version": "==3.0.2"
        },
        "django-allauth": {
            "hashes": [
                "sha256:6a189fc4d3ee23596c3fd6e9f49c59b5b15618980118171a50675dd6a27cc589"
            ],
            "index": "pypi",
            "version": "==0.40.0"
        },
        "django-crispy-forms": {
            "hashes": [
                "sha256:0320b303420fec9ce94e045321dfd180ca0e31e0336211c5d30ad0bda5ebbb5d",
                "sha256:22b6634e3a6316623e4eb062527fe5be5f97ea8b83020c65bcd8fac4747807b5"
            ],
            "index": "pypi",
            "version": "==1.8.0"
        },
        "django-debug-toolbar": {
            "hashes": [
                "sha256:17c53cd6bf4e7d69902aedf9a1d26c5d3b7369b54c5718744704f27b5a72f35d",
                "sha256:9a23ada2e43cd989195db3c18710b5d7451134a0d48127ab64c1d2ad81700342"
            ],
            "index": "pypi",
            "version": "==2.0"
        },
        "django-environ": {
            "hashes": [
                "sha256:6c9d87660142608f63ec7d5ce5564c49b603ea8ff25da595fd6098f6dc82afde",
                "sha256:c57b3c11ec1f319d9474e3e5a79134f40174b17c7cc024bbb2fad84646b120c4"
            ],
            "index": "pypi",
            "version": "==0.4.5"
        },
        "django-localflavor": {
            "hashes": [
                "sha256:628f382ac0b8ce401d4ba684031abd2548c24782df9fb0d5c7ad44c35a2bb095",
                "sha256:7a4fa03651e609c30f720e35fb9442cddefa1975646cf9d6765a2ba1ed139961"
            ],
            "index": "pypi",
            "version": "==2.2"
        },
        "django-paypal": {
            "hashes": [
                "sha256:85187da363df859a3f030ada45c649af64540004140cdbf7cddb800c50966c6a",
                "sha256:8e06db6eb12b35040a6d60b918bc2f62d8b90fa90171f28ce4dfd53f10acc07e"
            ],
            "index": "pypi",
            "version": "==1.0.0"
        },
        "django-phonenumber-field": {
            "hashes": [
                "sha256:1ab19f723928582fed412bd9844221fa4ff466276d8526b8b4a9913ee1487c5e",
                "sha256:794ebbc3068a7af75aa72a80cb0cec67e714ff8409a965968040f1fd210b2d97"
            ],
            "index": "pypi",
            "version": "==3.0.1"
        },
        "django-user-agents": {
            "hashes": [
                "sha256:cd9d9f7158b23c5237b2dacb0bc4fffdf77fefe1d2633b5814d3874288ebdb5d",
                "sha256:cda8ae2146cee30e6867a07943f56ecc570b4391d725ab5309901a8b3e4a3514"
            ],
            "index": "pypi",
            "version": "==0.4.0"
        },
        "gunicorn": {
            "hashes": [
                "sha256:aa8e0b40b4157b36a5df5e599f45c9c76d6af43845ba3b3b0efe2c70473c2471",
                "sha256:fa2662097c66f920f53f70621c6c58ca4a3c4d3434205e608e121b5b3b71f4f3"
            ],
            "index": "pypi",
            "version": "==19.9.0"
        },
        "idna": {
            "hashes": [
                "sha256:c357b3f628cf53ae2c4c05627ecc484553142ca23264e593d327bcde5e9c3407",
                "sha256:ea8b7f6188e6fa117537c3df7da9fc686d485087abf6ac197f9c46432f7e4a3c"
            ],
            "version": "==2.8"
        },
        "oauthlib": {
            "hashes": [
                "sha256:bee41cc35fcca6e988463cacc3bcb8a96224f470ca547e697b604cc697b2f889",
                "sha256:df884cd6cbe20e32633f1db1072e9356f53638e4361bef4e8b03c9127c9328ea"
            ],
            "version": "==3.1.0"
        },
        "phonenumbers": {
            "hashes": [
                "sha256:162301aa2ce7c1a7196d7b5b084e3263a0a5f55e3129fe2429f2a115c3ef16c3",
                "sha256:e9544b24e06efbba08defb45ca1823648282162f7502cc7794482ffdde941f30"
            ],
            "index": "pypi",
            "version": "==8.10.21"
        },
        "pillow": {
            "hashes": [
                "sha256:00fdeb23820f30e43bba78eb9abb00b7a937a655de7760b2e09101d63708b64e",
                "sha256:01f948e8220c85eae1aa1a7f8edddcec193918f933fb07aaebe0bfbbcffefbf1",
                "sha256:08abf39948d4b5017a137be58f1a52b7101700431f0777bec3d897c3949f74e6",
                "sha256:099a61618b145ecb50c6f279666bbc398e189b8bc97544ae32b8fcb49ad6b830",
                "sha256:2c1c61546e73de62747e65807d2cc4980c395d4c5600ecb1f47a650c6fa78c79",
                "sha256:2ed9c4f694861642401f27dc3cb99772be67cd190e84845c749dae0a06c3bfae",
                "sha256:338581b30b908e111be578f0297255f6b57a51358cd16fa0e6f664c9a1f88bff",
                "sha256:38c7d48a21cd06fdeee93987147b9b1c55b73b4cfcbf83240568bfbd5adee447",
                "sha256:43fd026f613c8e48a25eba1a92f4d2ad7f3903c95d8c33a11611a7717d2ab654",
                "sha256:4548236844327a718ce3bb182ab32a16fa2050c61e334e959f554cac052fb0df",
                "sha256:5090857876c58885cfa388dc649e5db30aae98a068c26f3fd0ac9d7d9a4d9572",
                "sha256:5bbba34f97a26a93f5e8dec469ca4ddd712451418add43da946dbaed7f7a98d2",
                "sha256:65a28969a025a0eb4594637b6103201dc4ed2a9508bdab56ac33e43e3081c404",
                "sha256:892bb52b70bd5ea9dbbc3ac44f38e84f5a04e9d8b1bff48159d96cb795b81159",
                "sha256:8a9becd5cbd5062f973bcd2e7bc79483af310222de112b6541f8af1f93a3cc42",
                "sha256:972a7aaeb7c4a2795b52eef52ee991ef040b31009f36deca6207a986607b55f3",
                "sha256:97b119c436bfa96a92ac2ca525f7025836d4d4e64b1c9f9eff8dbaf3ff1d86f3",
                "sha256:9ba37698e242223f8053cc158f130aee046a96feacbeab65893dbe94f5530118",
                "sha256:b1b0e1f626a0f079c0d3696db70132fb1f29aa87c66aecb6501a9b8be64ce9f7",
                "sha256:c14c1224fd1a5be2733530d648a316974dbbb3c946913562c6005a76f21ca042",
                "sha256:c79a8546c48ae6465189e54e3245a97ddf21161e33ff7eaa42787353417bb2b6",
                "sha256:ceb76935ac4ebdf6d7bc845482a4450b284c6ccfb281e34da51d510658ab34d8",
                "sha256:e22bffaad04b4d16e1c091baed7f2733fc1ebb91e0c602abf1b6834d17158b1f",
                "sha256:ec883b8e44d877bda6f94a36313a1c6063f8b1997aa091628ae2f34c7f97c8d5",
                "sha256:f1baa54d50ec031d1a9beb89974108f8f2c0706f49798f4777df879df0e1adb6",
                "sha256:f53a5385932cda1e2c862d89460992911a89768c65d176ff8c50cddca4d29bed"
            ],
            "index": "pypi",
            "version": "==6.2.0"
        },
        "python-dateutil": {
            "hashes": [
                "sha256:73ebfe9dbf22e832286dafa60473e4cd239f8592f699aa5adaf10050e6e1823c",
                "sha256:75bb3f31ea686f1197762692a9ee6a7550b59fc6ca3a1f4b5d7e32fb98e2da2a"
            ],
            "version": "==2.8.1"
        },
        "python-stdnum": {
            "hashes": [
                "sha256:4c1347c414d7bdffb454924998f62c04d907a5c01faff0e35df659b0b52acba5",
                "sha256:bb58877dafc2e590dbfddc63fa04876ab2005c3f35c8356a2dd01f62a9bdc4d6"
            ],
            "version": "==1.12"
        },
        "python3-openid": {
            "hashes": [
                "sha256:0086da6b6ef3161cfe50fb1ee5cceaf2cda1700019fda03c2c5c440ca6abe4fa",
                "sha256:628d365d687e12da12d02c6691170f4451db28d6d68d050007e4a40065868502"
            ],
            "version": "==3.1.0"
        },
        "pytz": {
            "hashes": [
                "sha256:1c557d7d0e871de1f5ccd5833f60fb2550652da6be2693c1e02300743d21500d",
                "sha256:b02c06db6cf09c12dd25137e563b31700d3b80fcc4ad23abb7a315f2789819be"
            ],
            "version": "==2019.3"
        },
        "pyuploadcare": {
            "hashes": [
                "sha256:98c3e9de8c37d2afc31eff8f33b23f6f4d787b5dc8672775504d5bf76ba21544"
            ],
            "index": "pypi",
            "version": "==2.6.0"
        },
        "requests": {
            "hashes": [
                "sha256:11e007a8a2aa0323f5a921e9e6a2d7e4e67d9877e85773fba9ba6419025cbeb4",
                "sha256:9cf5292fcd0f598c671cfc1e0d7d1a7f13bb8085e9a590f48c010551dc6c4b31"
            ],
            "version": "==2.22.0"
        },
        "requests-oauthlib": {
            "hashes": [
                "sha256:7f71572defaecd16372f9006f33c2ec8c077c3cfa6f5911a9a90202beb513f3d",
                "sha256:b4261601a71fd721a8bd6d7aa1cc1d6a8a93b4a9f5e96626f8e4d91e8beeaa6a"
            ],
            "version": "==1.3.0"
        },
        "six": {
            "hashes": [
                "sha256:1f1b7d42e254082a9db6279deae68afb421ceba6158efa6131de7b3003ee93fd",
                "sha256:30f610279e8b2578cab6db20741130331735c781b56053c59c4076da27f06b66"
            ],
            "version": "==1.13.0"
        },
        "sqlparse": {
            "hashes": [
                "sha256:40afe6b8d4b1117e7dff5504d7a8ce07d9a1b15aeeade8a2d10f130a834f8177",
                "sha256:7c3dca29c022744e95b547e867cee89f4fce4373f3549ccd8797d8eb52cdb873"
            ],
            "version": "==0.3.0"
        },
        "ua-parser": {
            "hashes": [
                "sha256:3908c19ea0abdcdfe7245366dc03e5b4a8901ec17105bd66ba2ccbe3948dce8a",
                "sha256:97bbcfc9321a3151d96bb5d62e54270247b0e3be0590a6f2ff12329851718dcb"
            ],
            "version": "==0.8.0"
        },
        "urllib3": {
            "hashes": [
                "sha256:a8a318824cc77d1fd4b2bec2ded92646630d7fe8619497b142c84a9e6f5a7293",
                "sha256:f3c5fd51747d450d4dcf6f923c81f78f811aab8205fda64b0aba34a4e48b0745"
            ],
            "version": "==1.25.7"
        },
        "user-agents": {
            "hashes": [
                "sha256:792869b990a244f71efea1cb410ecaba99a270a64c5ac37d365bde5d70d6a2fa",
                "sha256:7af7419d61ce8f72ad487cc77ea3b4d1dcaa4cbb7b6df533a7c7aa3ccc44e5b3"
            ],
            "version": "==2.0"
        }
    },
    "develop": {}
}
